
Microsoft Visual Studio Solution File, Format Version 12.00
# Visual Studio Version 17
VisualStudioVersion = 17.8.34316.72
MinimumVisualStudioVersion = 10.0.40219.1
Project("{9A19103F-16F7-4668-BE54-9A1E7A4F7556}") = "ConsApp", "HSEBank\ConsApp.csproj", "{5A8F3E6A-DC23-45BD-AAD1-349FA812BB14}"
EndProject
Project("{9A19103F-16F7-4668-BE54-9A1E7A4F7556}") = "HSELibrary", "HSELibrary\HSELibrary.csproj", "{8CE2E54D-0786-426E-98C1-B56B254CCBBC}"
EndProject
Global
	GlobalSection(SolutionConfigurationPlatforms) = preSolution
		Debug|Any CPU = Debug|Any CPU
		Release|Any CPU = Release|Any CPU
	EndGlobalSection
	GlobalSection(ProjectConfigurationPlatforms) = postSolution
		{5A8F3E6A-DC23-45BD-AAD1-349FA812BB14}.Debug|Any CPU.ActiveCfg = Debug|Any CPU
		{5A8F3E6A-DC23-45BD-AAD1-349FA812BB14}.Debug|Any CPU.Build.0 = Debug|Any CPU
		{5A8F3E6A-DC23-45BD-AAD1-349FA812BB14}.Release|Any CPU.ActiveCfg = Release|Any CPU
		{5A8F3E6A-DC23-45BD-AAD1-349FA812BB14}.Release|Any CPU.Build.0 = Release|Any CPU
		{8CE2E54D-0786-426E-98C1-B56B254CCBBC}.Debug|Any CPU.ActiveCfg = Debug|Any CPU
		{8CE2E54D-0786-426E-98C1-B56B254CCBBC}.Debug|Any CPU.Build.0 = Debug|Any CPU
		{8CE2E54D-0786-426E-98C1-B56B254CCBBC}.Release|Any CPU.ActiveCfg = Release|Any CPU
		{8CE2E54D-0786-426E-98C1-B56B254CCBBC}.Release|Any CPU.Build.0 = Release|Any CPU
	EndGlobalSection
	GlobalSection(SolutionProperties) = preSolution
		HideSolutionNode = FALSE
	EndGlobalSection
	GlobalSection(ExtensibilityGlobals) = postSolution
		SolutionGuid = {4C461A6D-659C-4194-9340-0FD7DD1015E9}
	EndGlobalSection
EndGlobal
